
Microsoft Visual Studio Solution File, Format Version 12.00
# Visual Studio Version 17
VisualStudioVersion = 17.0.31903.59
MinimumVisualStudioVersion = 10.0.40219.1
Project("{FAE04EC0-301F-11D3-BF4B-00C04F79EFBC}") = "SimpleAPI", "SimpleAPI\SimpleAPI.csproj", "{2B8AA492-5490-443A-BC11-D3176A0F407F}"
EndProject
Project("{FAE04EC0-301F-11D3-BF4B-00C04F79EFBC}") = "SimpleAPI.Tests", "SimpleAPI.Tests\SimpleAPI.Tests.csproj", "{9F95AC5F-2716-430D-9E5C-F9014576092E}"
EndProject
Global
	GlobalSection(SolutionConfigurationPlatforms) = preSolution
		Debug|Any CPU = Debug|Any CPU
		Release|Any CPU = Release|Any CPU
	EndGlobalSection
	GlobalSection(SolutionProperties) = preSolution
		HideSolutionNode = FALSE
	EndGlobalSection
	GlobalSection(ProjectConfigurationPlatforms) = postSolution
		{2B8AA492-5490-443A-BC11-D3176A0F407F}.Debug|Any CPU.ActiveCfg = Debug|Any CPU
		{2B8AA492-5490-443A-BC11-D3176A0F407F}.Debug|Any CPU.Build.0 = Debug|Any CPU
		{2B8AA492-5490-443A-BC11-D3176A0F407F}.Release|Any CPU.ActiveCfg = Release|Any CPU
		{2B8AA492-5490-443A-BC11-D3176A0F407F}.Release|Any CPU.Build.0 = Release|Any CPU
		{9F95AC5F-2716-430D-9E5C-F9014576092E}.Debug|Any CPU.ActiveCfg = Debug|Any CPU
		{9F95AC5F-2716-430D-9E5C-F9014576092E}.Debug|Any CPU.Build.0 = Debug|Any CPU
		{9F95AC5F-2716-430D-9E5C-F9014576092E}.Release|Any CPU.ActiveCfg = Release|Any CPU
		{9F95AC5F-2716-430D-9E5C-F9014576092E}.Release|Any CPU.Build.0 = Release|Any CPU
	EndGlobalSection
EndGlobal
